
Microsoft Visual Studio Solution File, Format Version 12.00
# Visual Studio Version 16
VisualStudioVersion = 16.0.31129.286
MinimumVisualStudioVersion = 10.0.40219.1
Project("{9A19103F-16F7-4668-BE54-9A1E7A4F7556}") = "ReloadableGuns", "ReloadableGuns.csproj", "{7E0BFD80-D66F-435B-AEC5-07810E9D71A9}"
EndProject
Global
	GlobalSection(SolutionConfigurationPlatforms) = preSolution
		Debug|Any CPU = Debug|Any CPU
		Release|Any CPU = Release|Any CPU
	EndGlobalSection
	GlobalSection(ProjectConfigurationPlatforms) = postSolution
		{7E0BFD80-D66F-435B-AEC5-07810E9D71A9}.Debug|Any CPU.ActiveCfg = Debug|Any CPU
		{7E0BFD80-D66F-435B-AEC5-07810E9D71A9}.Debug|Any CPU.Build.0 = Debug|Any CPU
		{7E0BFD80-D66F-435B-AEC5-07810E9D71A9}.Release|Any CPU.ActiveCfg = Release|Any CPU
		{7E0BFD80-D66F-435B-AEC5-07810E9D71A9}.Release|Any CPU.Build.0 = Release|Any CPU
	EndGlobalSection
	GlobalSection(SolutionProperties) = preSolution
		HideSolutionNode = FALSE
	EndGlobalSection
	GlobalSection(ExtensibilityGlobals) = postSolution
		SolutionGuid = {699E3792-9989-4B88-8EE3-940911A543F2}
	EndGlobalSection
EndGlobal
